// !$*UTF8*$!
{
	archiveVersion = 1;
	classes = {
	};
	objectVersion = 46;
	objects = {

/* Begin PBXBuildFile section */
		D59276E31BCC030900DB8477 /* AppDelegate.swift in Sources */ = {isa = PBXBuildFile; fileRef = D59276E21BCC030900DB8477 /* AppDelegate.swift */; };
		D59276E51BCC030900DB8477 /* ViewController.swift in Sources */ = {isa = PBXBuildFile; fileRef = D59276E41BCC030900DB8477 /* ViewController.swift */; };
		D59276E81BCC030900DB8477 /* Main.storyboard in Resources */ = {isa = PBXBuildFile; fileRef = D59276E61BCC030900DB8477 /* Main.storyboard */; };
		D59276EA1BCC030900DB8477 /* Assets.xcassets in Resources */ = {isa = PBXBuildFile; fileRef = D59276E91BCC030900DB8477 /* Assets.xcassets */; };
		D59276ED1BCC030900DB8477 /* LaunchScreen.storyboard in Resources */ = {isa = PBXBuildFile; fileRef = D59276EB1BCC030900DB8477 /* LaunchScreen.storyboard */; };
		D59276F81BCC030900DB8477 /* UIButtonTests.swift in Sources */ = {isa = PBXBuildFile; fileRef = D59276F71BCC030900DB8477 /* UIButtonTests.swift */; };
/* End PBXBuildFile section */

/* Begin PBXContainerItemProxy section */
		D59276F41BCC030900DB8477 /* PBXContainerItemProxy */ = {
			isa = PBXContainerItemProxy;
			containerPortal = D59276D71BCC030900DB8477 /* Project object */;
			proxyType = 1;
			remoteGlobalIDString = D59276DE1BCC030900DB8477;
			remoteInfo = UIButton;
		};
/* End PBXContainerItemProxy section */

/* Begin PBXFileReference section */
		D59276DF1BCC030900DB8477 /* UIButton.app */ = {isa = PBXFileReference; explicitFileType = wrapper.application; includeInIndex = 0; path = UIButton.app; sourceTree = BUILT_PRODUCTS_DIR; };
		D59276E21BCC030900DB8477 /* AppDelegate.swift */ = {isa = PBXFileReference; lastKnownFileType = sourcecode.swift; path = AppDelegate.swift; sourceTree = "<group>"; };
		D59276E41BCC030900DB8477 /* ViewController.swift */ = {isa = PBXFileReference; lastKnownFileType = sourcecode.swift; path = ViewController.swift; sourceTree = "<group>"; };
		D59276E71BCC030900DB8477 /* Base */ = {isa = PBXFileReference; lastKnownFileType = file.storyboard; name = Base; path = Base.lproj/Main.storyboard; sourceTree = "<group>"; };
		D59276E91BCC030900DB8477 /* Assets.xcassets */ = {isa = PBXFileReference; lastKnownFileType = folder.assetcatalog; path = Assets.xcassets; sourceTree = "<group>"; };
		D59276EC1BCC030900DB8477 /* Base */ = {isa = PBXFileReference; lastKnownFileType = file.storyboard; name = Base; path = Base.lproj/LaunchScreen.storyboard; sourceTree = "<group>"; };
		D59276EE1BCC030900DB8477 /* Info.plist */ = {isa = PBXFileReference; lastKnownFileType = text.plist.xml; path = Info.plist; sourceTree = "<group>"; };
		D59276F31BCC030900DB8477 /* UIButtonTests.xctest */ = {isa = PBXFileReference; explicitFileType = wrapper.cfbundle; includeInIndex = 0; path = UIButtonTests.xctest; sourceTree = BUILT_PRODUCTS_DIR; };
		D59276F71BCC030900DB8477 /* UIButtonTests.swift */ = {isa = PBXFileReference; lastKnownFileType = sourcecode.swift; path = UIButtonTests.swift; sourceTree = "<group>"; };
		D59276F91BCC030900DB8477 /* Info.plist */ = {isa = PBXFileReference; lastKnownFileType = text.plist.xml; path = Info.plist; sourceTree = "<group>"; };
/* End PBXFileReference section */

/* Begin PBXFrameworksBuildPhase section */
		D59276DC1BCC030900DB8477 /* Frameworks */ = {
			isa = PBXFrameworksBuildPhase;
			buildActionMask = 2147483647;
			files = (
			);
			runOnlyForDeploymentPostprocessing = 0;
		};
		D59276F01BCC030900DB8477 /* Frameworks */ = {
			isa = PBXFrameworksBuildPhase;
			buildActionMask = 2147483647;
			files = (
			);
			runOnlyForDeploymentPostprocessing = 0;
		};
/* End PBXFrameworksBuildPhase section */

/* Begin PBXGroup section */
		D59276D61BCC030800DB8477 = {
			isa = PBXGroup;
			children = (
				D59276E11BCC030900DB8477 /* UIButton */,
				D59276F61BCC030900DB8477 /* UIButtonTests */,
				D59276E01BCC030900DB8477 /* Products */,
			);
			sourceTree = "<group>";
		};
		D59276E01BCC030900DB8477 /* Products */ = {
			isa = PBXGroup;
			children = (
				D59276DF1BCC030900DB8477 /* UIButton.app */,
				D59276F31BCC030900DB8477 /* UIButtonTests.xctest */,
			);
			name = Products;
			sourceTree = "<group>";
		};
		D59276E11BCC030900DB8477 /* UIButton */ = {
			isa = PBXGroup;
			children = (
				D59276E21BCC030900DB8477 /* AppDelegate.swift */,
				D59276E41BCC030900DB8477 /* ViewController.swift */,
				D59276E61BCC030900DB8477 /* Main.storyboard */,
				D59276E91BCC030900DB8477 /* Assets.xcassets */,
				D59276EB1BCC030900DB8477 /* LaunchScreen.storyboard */,
				D59276EE1BCC030900DB8477 /* Info.plist */,
			);
			path = UIButton;
			sourceTree = "<group>";
		};
		D59276F61BCC030900DB8477 /* UIButtonTests */ = {
			isa = PBXGroup;
			children = (
				D59276F71BCC030900DB8477 /* UIButtonTests.swift */,
				D59276F91BCC030900DB8477 /* Info.plist */,
			);
			path = UIButtonTests;
			sourceTree = "<group>";
		};
/* End PBXGroup section */

/* Begin PBXNativeTarget section */
		D59276DE1BCC030900DB8477 /* UIButton */ = {
			isa = PBXNativeTarget;
			buildConfigurationList = D59276FC1BCC030900DB8477 /* Build configuration list for PBXNativeTarget "UIButton" */;
			buildPhases = (
				D59276DB1BCC030900DB8477 /* Sources */,
				D59276DC1BCC030900DB8477 /* Frameworks */,
				D59276DD1BCC030900DB8477 /* Resources */,
			);
			buildRules = (
			);
			dependencies = (
			);
			name = UIButton;
			productName = UIButton;
			productReference = D59276DF1BCC030900DB8477 /* UIButton.app */;
			productType = "com.apple.product-type.application";
		};
		D59276F21BCC030900DB8477 /* UIButtonTests */ = {
			isa = PBXNativeTarget;
			buildConfigurationList = D59276FF1BCC030900DB8477 /* Build configuration list for PBXNativeTarget "UIButtonTests" */;
			buildPhases = (
				D59276EF1BCC030900DB8477 /* Sources */,
				D59276F01BCC030900DB8477 /* Frameworks */,
				D59276F11BCC030900DB8477 /* Resources */,
			);
			buildRules = (
			);
			dependencies = (
				D59276F51BCC030900DB8477 /* PBXTargetDependency */,
			);
			name = UIButtonTests;
			productName = UIButtonTests;
			productReference = D59276F31BCC030900DB8477 /* UIButtonTests.xctest */;
			productType = "com.apple.product-type.bundle.unit-test";
		};
/* End PBXNativeTarget section */

/* Begin PBXProject section */
		D59276D71BCC030900DB8477 /* Project object */ = {
			isa = PBXProject;
			attributes = {
				LastUpgradeCheck = 0710;
				ORGANIZATIONNAME = "Angela Don";
				TargetAttributes = {
					D59276DE1BCC030900DB8477 = {
						CreatedOnToolsVersion = 7.1;
					};
					D59276F21BCC030900DB8477 = {
						CreatedOnToolsVersion = 7.1;
						TestTargetID = D59276DE1BCC030900DB8477;
					};
				};
			};
			buildConfigurationList = D59276DA1BCC030900DB8477 /* Build configuration list for PBXProject "UIButton" */;
			compatibilityVersion = "Xcode 3.2";
			developmentRegion = English;
			hasScannedForEncodings = 0;
			knownRegions = (
				en,
				Base,
			);
			mainGroup = D59276D61BCC030800DB8477;
			productRefGroup = D59276E01BCC030900DB8477 /* Products */;
			projectDirPath = "";
			projectRoot = "";
			targets = (
				D59276DE1BCC030900DB8477 /* UIButton */,
				D59276F21BCC030900DB8477 /* UIButtonTests */,
			);
		};
/* End PBXProject section */

/* Begin PBXResourcesBuildPhase section */
		D59276DD1BCC030900DB8477 /* Resources */ = {
			isa = PBXResourcesBuildPhase;
			buildActionMask = 2147483647;
			files = (
				D59276ED1BCC030900DB8477 /* LaunchScreen.storyboard in Resources */,
				D59276EA1BCC030900DB8477 /* Assets.xcassets in Resources */,
				D59276E81BCC030900DB8477 /* Main.storyboard in Resources */,
			);
			runOnlyForDeploymentPostprocessing = 0;
		};
		D59276F11BCC030900DB8477 /* Resources */ = {
			isa = PBXResourcesBuildPhase;
			buildActionMask = 2147483647;
			files = (
			);
			runOnlyForDeploymentPostprocessing = 0;
		};
/* End PBXResourcesBuildPhase section */

/* Begin PBXSourcesBuildPhase section */
		D59276DB1BCC030900DB8477 /* Sources */ = {
			isa = PBXSourcesBuildPhase;
			buildActionMask = 2147483647;
			files = (
				D59276E51BCC030900DB8477 /* ViewController.swift in Sources */,
				D59276E31BCC030900DB8477 /* AppDelegate.swift in Sources */,
			);
			runOnlyForDeploymentPostprocessing = 0;
		};
		D59276EF1BCC030900DB8477 /* Sources */ = {
			isa = PBXSourcesBuildPhase;
			buildActionMask = 2147483647;
			files = (
				D59276F81BCC030900DB8477 /* UIButtonTests.swift in Sources */,
			);
			runOnlyForDeploymentPostprocessing = 0;
		};
/* End PBXSourcesBuildPhase section */

/* Begin PBXTargetDependency section */
		D59276F51BCC030900DB8477 /* PBXTargetDependency */ = {
			isa = PBXTargetDependency;
			target = D59276DE1BCC030900DB8477 /* UIButton */;
			targetProxy = D59276F41BCC030900DB8477 /* PBXContainerItemProxy */;
		};
/* End PBXTargetDependency section */

/* Begin PBXVariantGroup section */
		D59276E61BCC030900DB8477 /* Main.storyboard */ = {
			isa = PBXVariantGroup;
			children = (
				D59276E71BCC030900DB8477 /* Base */,
			);
			name = Main.storyboard;
			sourceTree = "<group>";
		};
		D59276EB1BCC030900DB8477 /* LaunchScreen.storyboard */ = {
			isa = PBXVariantGroup;
			children = (
				D59276EC1BCC030900DB8477 /* Base */,
			);
			name = LaunchScreen.storyboard;
			sourceTree = "<group>";
		};
/* End PBXVariantGroup section */

/* Begin XCBuildConfiguration section */
		D59276FA1BCC030900DB8477 /* Debug */ = {
			isa = XCBuildConfiguration;
			buildSettings = {
				ALWAYS_SEARCH_USER_PATHS = NO;
				CLANG_CXX_LANGUAGE_STANDARD = "gnu++0x";
				CLANG_CXX_LIBRARY = "libc++";
				CLANG_ENABLE_MODULES = YES;
				CLANG_ENABLE_OBJC_ARC = YES;
				CLANG_WARN_BOOL_CONVERSION = YES;
				CLANG_WARN_CONSTANT_CONVERSION = YES;
				CLANG_WARN_DIRECT_OBJC_ISA_USAGE = YES_ERROR;
				CLANG_WARN_EMPTY_BODY = YES;
				CLANG_WARN_ENUM_CONVERSION = YES;
				CLANG_WARN_INT_CONVERSION = YES;
				CLANG_WARN_OBJC_ROOT_CLASS = YES_ERROR;
				CLANG_WARN_UNREACHABLE_CODE = YES;
				CLANG_WARN__DUPLICATE_METHOD_MATCH = YES;
				"CODE_SIGN_IDENTITY[sdk=iphoneos*]" = "iPhone Developer";
				COPY_PHASE_STRIP = NO;
				DEBUG_INFORMATION_FORMAT = dwarf;
				ENABLE_STRICT_OBJC_MSGSEND = YES;
				ENABLE_TESTABILITY = YES;
				GCC_C_LANGUAGE_STANDARD = gnu99;
				GCC_DYNAMIC_NO_PIC = NO;
				GCC_NO_COMMON_BLOCKS = YES;
				GCC_OPTIMIZATION_LEVEL = 0;
				GCC_PREPROCESSOR_DEFINITIONS = (
					"DEBUG=1",
					"$(inherited)",
				);
				GCC_WARN_64_TO_32_BIT_CONVERSION = YES;
				GCC_WARN_ABOUT_RETURN_TYPE = YES_ERROR;
				GCC_WARN_UNDECLARED_SELECTOR = YES;
				GCC_WARN_UNINITIALIZED_AUTOS = YES_AGGRESSIVE;
				GCC_WARN_UNUSED_FUNCTION = YES;
				GCC_WARN_UNUSED_VARIABLE = YES;
				IPHONEOS_DEPLOYMENT_TARGET = 9.1;
				MTL_ENABLE_DEBUG_INFO = YES;
				ONLY_ACTIVE_ARCH = YES;
				SDKROOT = iphoneos;
				SWIFT_OPTIMIZATION_LEVEL = "-Onone";
				TARGETED_DEVICE_FAMILY = "1,2";
			};
			name = Debug;
		};
		D59276FB1BCC030900DB8477 /* Release */ = {
			isa = XCBuildConfiguration;
			buildSettings = {
				ALWAYS_SEARCH_USER_PATHS = NO;
				CLANG_CXX_LANGUAGE_STANDARD = "gnu++0x";
				CLANG_CXX_LIBRARY = "libc++";
				CLANG_ENABLE_MODULES = YES;
				CLANG_ENABLE_OBJC_ARC = YES;
				CLANG_WARN_BOOL_CONVERSION = YES;
				CLANG_WARN_CONSTANT_CONVERSION = YES;
				CLANG_WARN_DIRECT_OBJC_ISA_USAGE = YES_ERROR;
				CLANG_WARN_EMPTY_BODY = YES;
				CLANG_WARN_ENUM_CONVERSION = YES;
				CLANG_WARN_INT_CONVERSION = YES;
				CLANG_WARN_OBJC_ROOT_CLASS = YES_ERROR;
				CLANG_WARN_UNREACHABLE_CODE = YES;
				CLANG_WARN__DUPLICATE_METHOD_MATCH = YES;
				"CODE_SIGN_IDENTITY[sdk=iphoneos*]" = "iPhone Developer";
				COPY_PHASE_STRIP = NO;
				DEBUG_INFORMATION_FORMAT = "dwarf-with-dsym";
				ENABLE_NS_ASSERTIONS = NO;
				ENABLE_STRICT_OBJC_MSGSEND = YES;
				GCC_C_LANGUAGE_STANDARD = gnu99;
				GCC_NO_COMMON_BLOCKS = YES;
				GCC_WARN_64_TO_32_BIT_CONVERSION = YES;
				GCC_WARN_ABOUT_RETURN_TYPE = YES_ERROR;
				GCC_WARN_UNDECLARED_SELECTOR = YES;
				GCC_WARN_UNINITIALIZED_AUTOS = YES_AGGRESSIVE;
				GCC_WARN_UNUSED_FUNCTION = YES;
				GCC_WARN_UNUSED_VARIABLE = YES;
				IPHONEOS_DEPLOYMENT_TARGET = 9.1;
				MTL_ENABLE_DEBUG_INFO = NO;
				SDKROOT = iphoneos;
				TARGETED_DEVICE_FAMILY = "1,2";
				VALIDATE_PRODUCT = YES;
			};
			name = Release;
		};
		D59276FD1BCC030900DB8477 /* Debug */ = {
			isa = XCBuildConfiguration;
			buildSettings = {
				ASSETCATALOG_COMPILER_APPICON_NAME = AppIcon;
				INFOPLIST_FILE = UIButton/Info.plist;
				LD_RUNPATH_SEARCH_PATHS = "$(inherited) @executable_path/Frameworks";
				PRODUCT_BUNDLE_IDENTIFIER = io.angeladon.UIButton;
				PRODUCT_NAME = "$(TARGET_NAME)";
			};
			name = Debug;
		};
		D59276FE1BCC030900DB8477 /* Release */ = {
			isa = XCBuildConfiguration;
			buildSettings = {
				ASSETCATALOG_COMPILER_APPICON_NAME = AppIcon;
				INFOPLIST_FILE = UIButton/Info.plist;
				LD_RUNPATH_SEARCH_PATHS = "$(inherited) @executable_path/Frameworks";
				PRODUCT_BUNDLE_IDENTIFIER = io.angeladon.UIButton;
				PRODUCT_NAME = "$(TARGET_NAME)";
			};
			name = Release;
		};
		D59277001BCC030900DB8477 /* Debug */ = {
			isa = XCBuildConfiguration;
			buildSettings = {
				BUNDLE_LOADER = "$(TEST_HOST)";
				INFOPLIST_FILE = UIButtonTests/Info.plist;
				LD_RUNPATH_SEARCH_PATHS = "$(inherited) @executable_path/Frameworks @loader_path/Frameworks";
				PRODUCT_BUNDLE_IDENTIFIER = io.angeladon.UIButtonTests;
				PRODUCT_NAME = "$(TARGET_NAME)";
				TEST_HOST = "$(BUILT_PRODUCTS_DIR)/UIButton.app/UIButton";
			};
			name = Debug;
		};
		D59277011BCC030900DB8477 /* Release */ = {
			isa = XCBuildConfiguration;
			buildSettings = {
				BUNDLE_LOADER = "$(TEST_HOST)";
				INFOPLIST_FILE = UIButtonTests/Info.plist;
				LD_RUNPATH_SEARCH_PATHS = "$(inherited) @executable_path/Frameworks @loader_path/Frameworks";
				PRODUCT_BUNDLE_IDENTIFIER = io.angeladon.UIButtonTests;
				PRODUCT_NAME = "$(TARGET_NAME)";
				TEST_HOST = "$(BUILT_PRODUCTS_DIR)/UIButton.app/UIButton";
			};
			name = Release;
		};
/* End XCBuildConfiguration section */

/* Begin XCConfigurationList section */
		D59276DA1BCC030900DB8477 /* Build configuration list for PBXProject "UIButton" */ = {
			isa = XCConfigurationList;
			buildConfigurations = (
				D59276FA1BCC030900DB8477 /* Debug */,
				D59276FB1BCC030900DB8477 /* Release */,
			);
			defaultConfigurationIsVisible = 0;
			defaultConfigurationName = Release;
		};
		D59276FC1BCC030900DB8477 /* Build configuration list for PBXNativeTarget "UIButton" */ = {
			isa = XCConfigurationList;
			buildConfigurations = (
				D59276FD1BCC030900DB8477 /* Debug */,
				D59276FE1BCC030900DB8477 /* Release */,
			);
			defaultConfigurationIsVisible = 0;
		};
		D59276FF1BCC030900DB8477 /* Build configuration list for PBXNativeTarget "UIButtonTests" */ = {
			isa = XCConfigurationList;
			buildConfigurations = (
				D59277001BCC030900DB8477 /* Debug */,
				D59277011BCC030900DB8477 /* Release */,
			);
			defaultConfigurationIsVisible = 0;
		};
/* End XCConfigurationList section */
	};
	rootObject = D59276D71BCC030900DB8477 /* Project object */;
}
